// !$*UTF8*$!
{
	archiveVersion = 1;
	classes = {
	};
	objectVersion = 46;
	objects = {

/* Begin PBXBuildFile section */
		0CCB58A3228BE83C00768375 /* JMArc.m in Sources */ = {isa = PBXBuildFile; fileRef = 0CCB5869228BE83C00768375 /* JMArc.m */; };
		0CCB58A4228BE83C00768375 /* JMCircle.m in Sources */ = {isa = PBXBuildFile; fileRef = 0CCB586B228BE83C00768375 /* JMCircle.m */; };
		0CCB58A5228BE83C00768375 /* PoiSearchModule.m in Sources */ = {isa = PBXBuildFile; fileRef = 0CCB586F228BE83C00768375 /* PoiSearchModule.m */; };
		0CCB58A6228BE83C00768375 /* JMPolygon.m in Sources */ = {isa = PBXBuildFile; fileRef = 0CCB5874228BE83C00768375 /* JMPolygon.m */; };
		0CCB58A7228BE83C00768375 /* GeolocationModule.m in Sources */ = {isa = PBXBuildFile; fileRef = 0CCB5875228BE83C00768375 /* GeolocationModule.m */; };
		0CCB58A8228BE83C00768375 /* JMMarkerAnnotation.m in Sources */ = {isa = PBXBuildFile; fileRef = 0CCB5876228BE83C00768375 /* JMMarkerAnnotation.m */; };
		0CCB58A9228BE83C00768375 /* BaseModule.m in Sources */ = {isa = PBXBuildFile; fileRef = 0CCB5877228BE83C00768375 /* BaseModule.m */; };
		0CCB58AA228BE83C00768375 /* JMPolyline.m in Sources */ = {isa = PBXBuildFile; fileRef = 0CCB5879228BE83C00768375 /* JMPolyline.m */; };
		0CCB58AB228BE83C00768375 /* Stroke.m in Sources */ = {isa = PBXBuildFile; fileRef = 0CCB587A228BE83C00768375 /* Stroke.m */; };
		0CCB58AC228BE83C00768375 /* TrackUtils.m in Sources */ = {isa = PBXBuildFile; fileRef = 0CCB587C228BE83C00768375 /* TrackUtils.m */; };
		0CCB58AD228BE83C00768375 /* OverlayArcManager.m in Sources */ = {isa = PBXBuildFile; fileRef = 0CCB5880228BE83C00768375 /* OverlayArcManager.m */; };
		0CCB58AE228BE83C00768375 /* BaiduMapViewManager.m in Sources */ = {isa = PBXBuildFile; fileRef = 0CCB5881228BE83C00768375 /* BaiduMapViewManager.m */; };
		0CCB58AF228BE83C00768375 /* OverlayPolylineManager.m in Sources */ = {isa = PBXBuildFile; fileRef = 0CCB5882228BE83C00768375 /* OverlayPolylineManager.m */; };
		0CCB58B0228BE83C00768375 /* OverlayInfoWindowManager.m in Sources */ = {isa = PBXBuildFile; fileRef = 0CCB5884228BE83C00768375 /* OverlayInfoWindowManager.m */; };
		0CCB58B1228BE83C00768375 /* OverlayCircleManager.m in Sources */ = {isa = PBXBuildFile; fileRef = 0CCB5885228BE83C00768375 /* OverlayCircleManager.m */; };
		0CCB58B2228BE83C00768375 /* OverlayMarkerManager.m in Sources */ = {isa = PBXBuildFile; fileRef = 0CCB5887228BE83C00768375 /* OverlayMarkerManager.m */; };
		0CCB58B3228BE83C00768375 /* OverlayPolygonManager.m in Sources */ = {isa = PBXBuildFile; fileRef = 0CCB5889228BE83C00768375 /* OverlayPolygonManager.m */; };
		0CCB58B4228BE83C00768375 /* OverlayArc.m in Sources */ = {isa = PBXBuildFile; fileRef = 0CCB588E228BE83C00768375 /* OverlayArc.m */; };
		0CCB58B5228BE83C00768375 /* OverlayInfoWindow.m in Sources */ = {isa = PBXBuildFile; fileRef = 0CCB588F228BE83C00768375 /* OverlayInfoWindow.m */; };
		0CCB58B6228BE83C00768375 /* OverlayCircle.m in Sources */ = {isa = PBXBuildFile; fileRef = 0CCB5890228BE83C00768375 /* OverlayCircle.m */; };
		0CCB58B7228BE83C00768375 /* OverlayView.m in Sources */ = {isa = PBXBuildFile; fileRef = 0CCB5891228BE83C00768375 /* OverlayView.m */; };
		0CCB58B8228BE83C00768375 /* OverlayMarker.m in Sources */ = {isa = PBXBuildFile; fileRef = 0CCB5892228BE83C00768375 /* OverlayMarker.m */; };
		0CCB58B9228BE83C00768375 /* JMPinAnnotationView.m in Sources */ = {isa = PBXBuildFile; fileRef = 0CCB5894228BE83C00768375 /* JMPinAnnotationView.m */; };
		0CCB58BA228BE83C00768375 /* OverlayPolygon.m in Sources */ = {isa = PBXBuildFile; fileRef = 0CCB5896228BE83C00768375 /* OverlayPolygon.m */; };
		0CCB58BB228BE83C00768375 /* OverlayPolyline.m in Sources */ = {isa = PBXBuildFile; fileRef = 0CCB589D228BE83C00768375 /* OverlayPolyline.m */; };
		0CCB58BC228BE83C00768375 /* BaiduMapView.m in Sources */ = {isa = PBXBuildFile; fileRef = 0CCB589F228BE83C00768375 /* BaiduMapView.m */; };
		0CCB58BD228BE83C00768375 /* TrackInfoView.m in Sources */ = {isa = PBXBuildFile; fileRef = 0CCB58A1228BE83C00768375 /* TrackInfoView.m */; };
/* End PBXBuildFile section */

/* Begin PBXCopyFilesBuildPhase section */
		EF3C22541CC2C30D0099E9B6 /* CopyFiles */ = {
			isa = PBXCopyFilesBuildPhase;
			buildActionMask = 2147483647;
			dstPath = "include/$(PRODUCT_NAME)";
			dstSubfolderSpec = 16;
			files = (
			);
			runOnlyForDeploymentPostprocessing = 0;
		};
/* End PBXCopyFilesBuildPhase section */

/* Begin PBXFileReference section */
		0CCB5869228BE83C00768375 /* JMArc.m */ = {isa = PBXFileReference; fileEncoding = 4; lastKnownFileType = sourcecode.c.objc; path = JMArc.m; sourceTree = "<group>"; };
		0CCB586A228BE83C00768375 /* JMPolygon.h */ = {isa = PBXFileReference; fileEncoding = 4; lastKnownFileType = sourcecode.c.h; path = JMPolygon.h; sourceTree = "<group>"; };
		0CCB586B228BE83C00768375 /* JMCircle.m */ = {isa = PBXFileReference; fileEncoding = 4; lastKnownFileType = sourcecode.c.objc; path = JMCircle.m; sourceTree = "<group>"; };
		0CCB586C228BE83C00768375 /* BaseModule.h */ = {isa = PBXFileReference; fileEncoding = 4; lastKnownFileType = sourcecode.c.h; path = BaseModule.h; sourceTree = "<group>"; };
		0CCB586D228BE83C00768375 /* JMMarkerAnnotation.h */ = {isa = PBXFileReference; fileEncoding = 4; lastKnownFileType = sourcecode.c.h; path = JMMarkerAnnotation.h; sourceTree = "<group>"; };
		0CCB586E228BE83C00768375 /* GeolocationModule.h */ = {isa = PBXFileReference; fileEncoding = 4; lastKnownFileType = sourcecode.c.h; path = GeolocationModule.h; sourceTree = "<group>"; };
		0CCB586F228BE83C00768375 /* PoiSearchModule.m */ = {isa = PBXFileReference; fileEncoding = 4; lastKnownFileType = sourcecode.c.objc; path = PoiSearchModule.m; sourceTree = "<group>"; };
		0CCB5870228BE83C00768375 /* JMPolyline.h */ = {isa = PBXFileReference; fileEncoding = 4; lastKnownFileType = sourcecode.c.h; path = JMPolyline.h; sourceTree = "<group>"; };
		0CCB5871228BE83C00768375 /* Stroke.h */ = {isa = PBXFileReference; fileEncoding = 4; lastKnownFileType = sourcecode.c.h; path = Stroke.h; sourceTree = "<group>"; };
		0CCB5872228BE83C00768375 /* JMArc.h */ = {isa = PBXFileReference; fileEncoding = 4; lastKnownFileType = sourcecode.c.h; path = JMArc.h; sourceTree = "<group>"; };
		0CCB5873228BE83C00768375 /* JMCircle.h */ = {isa = PBXFileReference; fileEncoding = 4; lastKnownFileType = sourcecode.c.h; path = JMCircle.h; sourceTree = "<group>"; };
		0CCB5874228BE83C00768375 /* JMPolygon.m */ = {isa = PBXFileReference; fileEncoding = 4; lastKnownFileType = sourcecode.c.objc; path = JMPolygon.m; sourceTree = "<group>"; };
		0CCB5875228BE83C00768375 /* GeolocationModule.m */ = {isa = PBXFileReference; fileEncoding = 4; lastKnownFileType = sourcecode.c.objc; path = GeolocationModule.m; sourceTree = "<group>"; };
		0CCB5876228BE83C00768375 /* JMMarkerAnnotation.m */ = {isa = PBXFileReference; fileEncoding = 4; lastKnownFileType = sourcecode.c.objc; path = JMMarkerAnnotation.m; sourceTree = "<group>"; };
		0CCB5877228BE83C00768375 /* BaseModule.m */ = {isa = PBXFileReference; fileEncoding = 4; lastKnownFileType = sourcecode.c.objc; path = BaseModule.m; sourceTree = "<group>"; };
		0CCB5878228BE83C00768375 /* PoiSearchModule.h */ = {isa = PBXFileReference; fileEncoding = 4; lastKnownFileType = sourcecode.c.h; path = PoiSearchModule.h; sourceTree = "<group>"; };
		0CCB5879228BE83C00768375 /* JMPolyline.m */ = {isa = PBXFileReference; fileEncoding = 4; lastKnownFileType = sourcecode.c.objc; path = JMPolyline.m; sourceTree = "<group>"; };
		0CCB587A228BE83C00768375 /* Stroke.m */ = {isa = PBXFileReference; fileEncoding = 4; lastKnownFileType = sourcecode.c.objc; path = Stroke.m; sourceTree = "<group>"; };
		0CCB587C228BE83C00768375 /* TrackUtils.m */ = {isa = PBXFileReference; fileEncoding = 4; lastKnownFileType = sourcecode.c.objc; path = TrackUtils.m; sourceTree = "<group>"; };
		0CCB587D228BE83C00768375 /* TrackUtils.h */ = {isa = PBXFileReference; fileEncoding = 4; lastKnownFileType = sourcecode.c.h; path = TrackUtils.h; sourceTree = "<group>"; };
		0CCB587F228BE83C00768375 /* OverlayMarkerManager.h */ = {isa = PBXFileReference; fileEncoding = 4; lastKnownFileType = sourcecode.c.h; path = OverlayMarkerManager.h; sourceTree = "<group>"; };
		0CCB5880228BE83C00768375 /* OverlayArcManager.m */ = {isa = PBXFileReference; fileEncoding = 4; lastKnownFileType = sourcecode.c.objc; path = OverlayArcManager.m; sourceTree = "<group>"; };
		0CCB5881228BE83C00768375 /* BaiduMapViewManager.m */ = {isa = PBXFileReference; fileEncoding = 4; lastKnownFileType = sourcecode.c.objc; path = BaiduMapViewManager.m; sourceTree = "<group>"; };
		0CCB5882228BE83C00768375 /* OverlayPolylineManager.m */ = {isa = PBXFileReference; fileEncoding = 4; lastKnownFileType = sourcecode.c.objc; path = OverlayPolylineManager.m; sourceTree = "<group>"; };
		0CCB5883228BE83C00768375 /* OverlayPolygonManager.h */ = {isa = PBXFileReference; fileEncoding = 4; lastKnownFileType = sourcecode.c.h; path = OverlayPolygonManager.h; sourceTree = "<group>"; };
		0CCB5884228BE83C00768375 /* OverlayInfoWindowManager.m */ = {isa = PBXFileReference; fileEncoding = 4; lastKnownFileType = sourcecode.c.objc; path = OverlayInfoWindowManager.m; sourceTree = "<group>"; };
		0CCB5885228BE83C00768375 /* OverlayCircleManager.m */ = {isa = PBXFileReference; fileEncoding = 4; lastKnownFileType = sourcecode.c.objc; path = OverlayCircleManager.m; sourceTree = "<group>"; };
		0CCB5886228BE83C00768375 /* OverlayArcManager.h */ = {isa = PBXFileReference; fileEncoding = 4; lastKnownFileType = sourcecode.c.h; path = OverlayArcManager.h; sourceTree = "<group>"; };
		0CCB5887228BE83C00768375 /* OverlayMarkerManager.m */ = {isa = PBXFileReference; fileEncoding = 4; lastKnownFileType = sourcecode.c.objc; path = OverlayMarkerManager.m; sourceTree = "<group>"; };
		0CCB5888228BE83C00768375 /* BaiduMapViewManager.h */ = {isa = PBXFileReference; fileEncoding = 4; lastKnownFileType = sourcecode.c.h; path = BaiduMapViewManager.h; sourceTree = "<group>"; };
		0CCB5889228BE83C00768375 /* OverlayPolygonManager.m */ = {isa = PBXFileReference; fileEncoding = 4; lastKnownFileType = sourcecode.c.objc; path = OverlayPolygonManager.m; sourceTree = "<group>"; };
		0CCB588A228BE83C00768375 /* OverlayPolylineManager.h */ = {isa = PBXFileReference; fileEncoding = 4; lastKnownFileType = sourcecode.c.h; path = OverlayPolylineManager.h; sourceTree = "<group>"; };
		0CCB588B228BE83C00768375 /* OverlayCircleManager.h */ = {isa = PBXFileReference; fileEncoding = 4; lastKnownFileType = sourcecode.c.h; path = OverlayCircleManager.h; sourceTree = "<group>"; };
		0CCB588C228BE83C00768375 /* OverlayInfoWindowManager.h */ = {isa = PBXFileReference; fileEncoding = 4; lastKnownFileType = sourcecode.c.h; path = OverlayInfoWindowManager.h; sourceTree = "<group>"; };
		0CCB588E228BE83C00768375 /* OverlayArc.m */ = {isa = PBXFileReference; fileEncoding = 4; lastKnownFileType = sourcecode.c.objc; path = OverlayArc.m; sourceTree = "<group>"; };
		0CCB588F228BE83C00768375 /* OverlayInfoWindow.m */ = {isa = PBXFileReference; fileEncoding = 4; lastKnownFileType = sourcecode.c.objc; path = OverlayInfoWindow.m; sourceTree = "<group>"; };
		0CCB5890228BE83C00768375 /* OverlayCircle.m */ = {isa = PBXFileReference; fileEncoding = 4; lastKnownFileType = sourcecode.c.objc; path = OverlayCircle.m; sourceTree = "<group>"; };
		0CCB5891228BE83C00768375 /* OverlayView.m */ = {isa = PBXFileReference; fileEncoding = 4; lastKnownFileType = sourcecode.c.objc; path = OverlayView.m; sourceTree = "<group>"; };
		0CCB5892228BE83C00768375 /* OverlayMarker.m */ = {isa = PBXFileReference; fileEncoding = 4; lastKnownFileType = sourcecode.c.objc; path = OverlayMarker.m; sourceTree = "<group>"; };
		0CCB5893228BE83C00768375 /* BaiduMapView.h */ = {isa = PBXFileReference; fileEncoding = 4; lastKnownFileType = sourcecode.c.h; path = BaiduMapView.h; sourceTree = "<group>"; };
		0CCB5894228BE83C00768375 /* JMPinAnnotationView.m */ = {isa = PBXFileReference; fileEncoding = 4; lastKnownFileType = sourcecode.c.objc; path = JMPinAnnotationView.m; sourceTree = "<group>"; };
		0CCB5895228BE83C00768375 /* OverlayPolyline.h */ = {isa = PBXFileReference; fileEncoding = 4; lastKnownFileType = sourcecode.c.h; path = OverlayPolyline.h; sourceTree = "<group>"; };
		0CCB5896228BE83C00768375 /* OverlayPolygon.m */ = {isa = PBXFileReference; fileEncoding = 4; lastKnownFileType = sourcecode.c.objc; path = OverlayPolygon.m; sourceTree = "<group>"; };
		0CCB5897228BE83C00768375 /* TrackInfoView.h */ = {isa = PBXFileReference; fileEncoding = 4; lastKnownFileType = sourcecode.c.h; path = TrackInfoView.h; sourceTree = "<group>"; };
		0CCB5898228BE83C00768375 /* OverlayInfoWindow.h */ = {isa = PBXFileReference; fileEncoding = 4; lastKnownFileType = sourcecode.c.h; path = OverlayInfoWindow.h; sourceTree = "<group>"; };
		0CCB5899228BE83C00768375 /* OverlayArc.h */ = {isa = PBXFileReference; fileEncoding = 4; lastKnownFileType = sourcecode.c.h; path = OverlayArc.h; sourceTree = "<group>"; };
		0CCB589A228BE83C00768375 /* TrackInfoView.xib */ = {isa = PBXFileReference; fileEncoding = 4; lastKnownFileType = file.xib; path = TrackInfoView.xib; sourceTree = "<group>"; };
		0CCB589B228BE83C00768375 /* OverlayView.h */ = {isa = PBXFileReference; fileEncoding = 4; lastKnownFileType = sourcecode.c.h; path = OverlayView.h; sourceTree = "<group>"; };
		0CCB589C228BE83C00768375 /* OverlayCircle.h */ = {isa = PBXFileReference; fileEncoding = 4; lastKnownFileType = sourcecode.c.h; path = OverlayCircle.h; sourceTree = "<group>"; };
		0CCB589D228BE83C00768375 /* OverlayPolyline.m */ = {isa = PBXFileReference; fileEncoding = 4; lastKnownFileType = sourcecode.c.objc; path = OverlayPolyline.m; sourceTree = "<group>"; };
		0CCB589E228BE83C00768375 /* JMPinAnnotationView.h */ = {isa = PBXFileReference; fileEncoding = 4; lastKnownFileType = sourcecode.c.h; path = JMPinAnnotationView.h; sourceTree = "<group>"; };
		0CCB589F228BE83C00768375 /* BaiduMapView.m */ = {isa = PBXFileReference; fileEncoding = 4; lastKnownFileType = sourcecode.c.objc; path = BaiduMapView.m; sourceTree = "<group>"; };
		0CCB58A0228BE83C00768375 /* OverlayMarker.h */ = {isa = PBXFileReference; fileEncoding = 4; lastKnownFileType = sourcecode.c.h; path = OverlayMarker.h; sourceTree = "<group>"; };
		0CCB58A1228BE83C00768375 /* TrackInfoView.m */ = {isa = PBXFileReference; fileEncoding = 4; lastKnownFileType = sourcecode.c.objc; path = TrackInfoView.m; sourceTree = "<group>"; };
		0CCB58A2228BE83C00768375 /* OverlayPolygon.h */ = {isa = PBXFileReference; fileEncoding = 4; lastKnownFileType = sourcecode.c.h; path = OverlayPolygon.h; sourceTree = "<group>"; };
		EF3C22561CC2C30D0099E9B6 /* libRCTBaiduMap.a */ = {isa = PBXFileReference; explicitFileType = archive.ar; includeInIndex = 0; path = libRCTBaiduMap.a; sourceTree = BUILT_PRODUCTS_DIR; };
/* End PBXFileReference section */

/* Begin PBXFrameworksBuildPhase section */
		EF3C22531CC2C30D0099E9B6 /* Frameworks */ = {
			isa = PBXFrameworksBuildPhase;
			buildActionMask = 2147483647;
			files = (
			);
			runOnlyForDeploymentPostprocessing = 0;
		};
/* End PBXFrameworksBuildPhase section */

/* Begin PBXGroup section */
		0CCB5867228BE83C00768375 /* RCTBaiduMap */ = {
			isa = PBXGroup;
			children = (
				0CCB5868228BE83C00768375 /* Module */,
				0CCB587B228BE83C00768375 /* Utils */,
				0CCB587E228BE83C00768375 /* Manager */,
				0CCB588D228BE83C00768375 /* view */,
			);
			path = RCTBaiduMap;
			sourceTree = "<group>";
		};
		0CCB5868228BE83C00768375 /* Module */ = {
			isa = PBXGroup;
			children = (
				0CCB5869228BE83C00768375 /* JMArc.m */,
				0CCB586A228BE83C00768375 /* JMPolygon.h */,
				0CCB586B228BE83C00768375 /* JMCircle.m */,
				0CCB586C228BE83C00768375 /* BaseModule.h */,
				0CCB586D228BE83C00768375 /* JMMarkerAnnotation.h */,
				0CCB586E228BE83C00768375 /* GeolocationModule.h */,
				0CCB586F228BE83C00768375 /* PoiSearchModule.m */,
				0CCB5870228BE83C00768375 /* JMPolyline.h */,
				0CCB5871228BE83C00768375 /* Stroke.h */,
				0CCB5872228BE83C00768375 /* JMArc.h */,
				0CCB5873228BE83C00768375 /* JMCircle.h */,
				0CCB5874228BE83C00768375 /* JMPolygon.m */,
				0CCB5875228BE83C00768375 /* GeolocationModule.m */,
				0CCB5876228BE83C00768375 /* JMMarkerAnnotation.m */,
				0CCB5877228BE83C00768375 /* BaseModule.m */,
				0CCB5878228BE83C00768375 /* PoiSearchModule.h */,
				0CCB5879228BE83C00768375 /* JMPolyline.m */,
				0CCB587A228BE83C00768375 /* Stroke.m */,
			);
			path = Module;
			sourceTree = "<group>";
		};
		0CCB587B228BE83C00768375 /* Utils */ = {
			isa = PBXGroup;
			children = (
				0CCB587C228BE83C00768375 /* TrackUtils.m */,
				0CCB587D228BE83C00768375 /* TrackUtils.h */,
			);
			path = Utils;
			sourceTree = "<group>";
		};
		0CCB587E228BE83C00768375 /* Manager */ = {
			isa = PBXGroup;
			children = (
				0CCB587F228BE83C00768375 /* OverlayMarkerManager.h */,
				0CCB5880228BE83C00768375 /* OverlayArcManager.m */,
				0CCB5881228BE83C00768375 /* BaiduMapViewManager.m */,
				0CCB5882228BE83C00768375 /* OverlayPolylineManager.m */,
				0CCB5883228BE83C00768375 /* OverlayPolygonManager.h */,
				0CCB5884228BE83C00768375 /* OverlayInfoWindowManager.m */,
				0CCB5885228BE83C00768375 /* OverlayCircleManager.m */,
				0CCB5886228BE83C00768375 /* OverlayArcManager.h */,
				0CCB5887228BE83C00768375 /* OverlayMarkerManager.m */,
				0CCB5888228BE83C00768375 /* BaiduMapViewManager.h */,
				0CCB5889228BE83C00768375 /* OverlayPolygonManager.m */,
				0CCB588A228BE83C00768375 /* OverlayPolylineManager.h */,
				0CCB588B228BE83C00768375 /* OverlayCircleManager.h */,
				0CCB588C228BE83C00768375 /* OverlayInfoWindowManager.h */,
			);
			path = Manager;
			sourceTree = "<group>";
		};
		0CCB588D228BE83C00768375 /* view */ = {
			isa = PBXGroup;
			children = (
				0CCB588E228BE83C00768375 /* OverlayArc.m */,
				0CCB588F228BE83C00768375 /* OverlayInfoWindow.m */,
				0CCB5890228BE83C00768375 /* OverlayCircle.m */,
				0CCB5891228BE83C00768375 /* OverlayView.m */,
				0CCB5892228BE83C00768375 /* OverlayMarker.m */,
				0CCB5893228BE83C00768375 /* BaiduMapView.h */,
				0CCB5894228BE83C00768375 /* JMPinAnnotationView.m */,
				0CCB5895228BE83C00768375 /* OverlayPolyline.h */,
				0CCB5896228BE83C00768375 /* OverlayPolygon.m */,
				0CCB5897228BE83C00768375 /* TrackInfoView.h */,
				0CCB5898228BE83C00768375 /* OverlayInfoWindow.h */,
				0CCB5899228BE83C00768375 /* OverlayArc.h */,
				0CCB589A228BE83C00768375 /* TrackInfoView.xib */,
				0CCB589B228BE83C00768375 /* OverlayView.h */,
				0CCB589C228BE83C00768375 /* OverlayCircle.h */,
				0CCB589D228BE83C00768375 /* OverlayPolyline.m */,
				0CCB589E228BE83C00768375 /* JMPinAnnotationView.h */,
				0CCB589F228BE83C00768375 /* BaiduMapView.m */,
				0CCB58A0228BE83C00768375 /* OverlayMarker.h */,
				0CCB58A1228BE83C00768375 /* TrackInfoView.m */,
				0CCB58A2228BE83C00768375 /* OverlayPolygon.h */,
			);
			path = view;
			sourceTree = "<group>";
		};
		56ACD5443909B8ED0B517164 /* Frameworks */ = {
			isa = PBXGroup;
			children = (
			);
			name = Frameworks;
			sourceTree = "<group>";
		};
		EF3C224D1CC2C30D0099E9B6 = {
			isa = PBXGroup;
			children = (
				0CCB5867228BE83C00768375 /* RCTBaiduMap */,
				EF3C22571CC2C30D0099E9B6 /* Products */,
				56ACD5443909B8ED0B517164 /* Frameworks */,
			);
			sourceTree = "<group>";
		};
		EF3C22571CC2C30D0099E9B6 /* Products */ = {
			isa = PBXGroup;
			children = (
				EF3C22561CC2C30D0099E9B6 /* libRCTBaiduMap.a */,
			);
			name = Products;
			sourceTree = "<group>";
		};
/* End PBXGroup section */

/* Begin PBXNativeTarget section */
		EF3C22551CC2C30D0099E9B6 /* RCTBaiduMap */ = {
			isa = PBXNativeTarget;
			buildConfigurationList = EF3C225F1CC2C30D0099E9B6 /* Build configuration list for PBXNativeTarget "RCTBaiduMap" */;
			buildPhases = (
				F94669FC245B52F58812BA9A /* [CP] Check Pods Manifest.lock */,
				EF3C22521CC2C30D0099E9B6 /* Sources */,
				EF3C22531CC2C30D0099E9B6 /* Frameworks */,
				EF3C22541CC2C30D0099E9B6 /* CopyFiles */,
				72D333A98189A0536B2EDB9A /* [CP] Copy Pods Resources */,
			);
			buildRules = (
			);
			dependencies = (
			);
			name = RCTBaiduMap;
			productName = RCTBaiduMap;
			productReference = EF3C22561CC2C30D0099E9B6 /* libRCTBaiduMap.a */;
			productType = "com.apple.product-type.library.static";
		};
/* End PBXNativeTarget section */

/* Begin PBXProject section */
		EF3C224E1CC2C30D0099E9B6 /* Project object */ = {
			isa = PBXProject;
			attributes = {
				LastUpgradeCheck = 0720;
				ORGANIZATIONNAME = lovebing.org;
				TargetAttributes = {
					EF3C22551CC2C30D0099E9B6 = {
						CreatedOnToolsVersion = 7.2.1;
					};
				};
			};
			buildConfigurationList = EF3C22511CC2C30D0099E9B6 /* Build configuration list for PBXProject "RCTBaiduMap" */;
			compatibilityVersion = "Xcode 3.2";
			developmentRegion = English;
			hasScannedForEncodings = 0;
			knownRegions = (
				English,
				en,
			);
			mainGroup = EF3C224D1CC2C30D0099E9B6;
			productRefGroup = EF3C22571CC2C30D0099E9B6 /* Products */;
			projectDirPath = "";
			projectRoot = "";
			targets = (
				EF3C22551CC2C30D0099E9B6 /* RCTBaiduMap */,
			);
		};
/* End PBXProject section */

/* Begin PBXShellScriptBuildPhase section */
		72D333A98189A0536B2EDB9A /* [CP] Copy Pods Resources */ = {
			isa = PBXShellScriptBuildPhase;
			buildActionMask = 2147483647;
			files = (
			);
			inputPaths = (
				"${SRCROOT}/Pods/Target Support Files/Pods-RCTBaiduMap/Pods-RCTBaiduMap-resources.sh",
				"${PODS_ROOT}/BaiduMapKit/BaiduMapKit/BaiduMapAPI_Map.framework/mapapi.bundle",
			);
			name = "[CP] Copy Pods Resources";
			outputPaths = (
				"${TARGET_BUILD_DIR}/${UNLOCALIZED_RESOURCES_FOLDER_PATH}/mapapi.bundle",
			);
			runOnlyForDeploymentPostprocessing = 0;
			shellPath = /bin/sh;
			shellScript = "\"${SRCROOT}/Pods/Target Support Files/Pods-RCTBaiduMap/Pods-RCTBaiduMap-resources.sh\"\n";
			showEnvVarsInLog = 0;
		};
		F94669FC245B52F58812BA9A /* [CP] Check Pods Manifest.lock */ = {
			isa = PBXShellScriptBuildPhase;
			buildActionMask = 2147483647;
			files = (
			);
			inputPaths = (
				"${PODS_PODFILE_DIR_PATH}/Podfile.lock",
				"${PODS_ROOT}/Manifest.lock",
			);
			name = "[CP] Check Pods Manifest.lock";
			outputPaths = (
				"$(DERIVED_FILE_DIR)/Pods-RCTBaiduMap-checkManifestLockResult.txt",
			);
			runOnlyForDeploymentPostprocessing = 0;
			shellPath = /bin/sh;
			shellScript = "diff \"${PODS_PODFILE_DIR_PATH}/Podfile.lock\" \"${PODS_ROOT}/Manifest.lock\" > /dev/null\nif [ $? != 0 ] ; then\n    # print error to STDERR\n    echo \"error: The sandbox is not in sync with the Podfile.lock. Run 'pod install' or update your CocoaPods installation.\" >&2\n    exit 1\nfi\n# This output is used by Xcode 'outputs' to avoid re-running this script phase.\necho \"SUCCESS\" > \"${SCRIPT_OUTPUT_FILE_0}\"\n";
			showEnvVarsInLog = 0;
		};
/* End PBXShellScriptBuildPhase section */

/* Begin PBXSourcesBuildPhase section */
		EF3C22521CC2C30D0099E9B6 /* Sources */ = {
			isa = PBXSourcesBuildPhase;
			buildActionMask = 2147483647;
			files = (
				0CCB58B2228BE83C00768375 /* OverlayMarkerManager.m in Sources */,
				0CCB58AF228BE83C00768375 /* OverlayPolylineManager.m in Sources */,
				0CCB58A9228BE83C00768375 /* BaseModule.m in Sources */,
				0CCB58A5228BE83C00768375 /* PoiSearchModule.m in Sources */,
				0CCB58B1228BE83C00768375 /* OverlayCircleManager.m in Sources */,
				0CCB58BA228BE83C00768375 /* OverlayPolygon.m in Sources */,
				0CCB58B4228BE83C00768375 /* OverlayArc.m in Sources */,
				0CCB58B8228BE83C00768375 /* OverlayMarker.m in Sources */,
				0CCB58B6228BE83C00768375 /* OverlayCircle.m in Sources */,
				0CCB58AA228BE83C00768375 /* JMPolyline.m in Sources */,
				0CCB58AD228BE83C00768375 /* OverlayArcManager.m in Sources */,
				0CCB58B3228BE83C00768375 /* OverlayPolygonManager.m in Sources */,
				0CCB58A6228BE83C00768375 /* JMPolygon.m in Sources */,
				0CCB58B0228BE83C00768375 /* OverlayInfoWindowManager.m in Sources */,
				0CCB58A4228BE83C00768375 /* JMCircle.m in Sources */,
				0CCB58A7228BE83C00768375 /* GeolocationModule.m in Sources */,
				0CCB58A3228BE83C00768375 /* JMArc.m in Sources */,
				0CCB58AC228BE83C00768375 /* TrackUtils.m in Sources */,
				0CCB58B7228BE83C00768375 /* OverlayView.m in Sources */,
				0CCB58BD228BE83C00768375 /* TrackInfoView.m in Sources */,
				0CCB58AE228BE83C00768375 /* BaiduMapViewManager.m in Sources */,
				0CCB58B9228BE83C00768375 /* JMPinAnnotationView.m in Sources */,
				0CCB58BC228BE83C00768375 /* BaiduMapView.m in Sources */,
				0CCB58B5228BE83C00768375 /* OverlayInfoWindow.m in Sources */,
				0CCB58BB228BE83C00768375 /* OverlayPolyline.m in Sources */,
				0CCB58A8228BE83C00768375 /* JMMarkerAnnotation.m in Sources */,
				0CCB58AB228BE83C00768375 /* Stroke.m in Sources */,
			);
			runOnlyForDeploymentPostprocessing = 0;
		};
/* End PBXSourcesBuildPhase section */

/* Begin XCBuildConfiguration section */
		EF3C225D1CC2C30D0099E9B6 /* Debug */ = {
			isa = XCBuildConfiguration;
			buildSettings = {
				ALWAYS_SEARCH_USER_PATHS = NO;
				CLANG_CXX_LANGUAGE_STANDARD = "gnu++0x";
				CLANG_CXX_LIBRARY = "libc++";
				CLANG_ENABLE_MODULES = YES;
				CLANG_ENABLE_OBJC_ARC = YES;
				CLANG_WARN_BOOL_CONVERSION = YES;
				CLANG_WARN_CONSTANT_CONVERSION = YES;
				CLANG_WARN_DIRECT_OBJC_ISA_USAGE = YES_ERROR;
				CLANG_WARN_EMPTY_BODY = YES;
				CLANG_WARN_ENUM_CONVERSION = YES;
				CLANG_WARN_INT_CONVERSION = YES;
				CLANG_WARN_OBJC_ROOT_CLASS = YES_ERROR;
				CLANG_WARN_UNREACHABLE_CODE = YES;
				CLANG_WARN__DUPLICATE_METHOD_MATCH = YES;
				"CODE_SIGN_IDENTITY[sdk=iphoneos*]" = "iPhone Developer";
				COPY_PHASE_STRIP = NO;
				DEBUG_INFORMATION_FORMAT = dwarf;
				ENABLE_STRICT_OBJC_MSGSEND = YES;
				ENABLE_TESTABILITY = YES;
				GCC_C_LANGUAGE_STANDARD = gnu99;
				GCC_DYNAMIC_NO_PIC = NO;
				GCC_NO_COMMON_BLOCKS = YES;
				GCC_OPTIMIZATION_LEVEL = 0;
				GCC_PREPROCESSOR_DEFINITIONS = (
					"DEBUG=1",
					"$(inherited)",
				);
				GCC_WARN_64_TO_32_BIT_CONVERSION = YES;
				GCC_WARN_ABOUT_RETURN_TYPE = YES_ERROR;
				GCC_WARN_UNDECLARED_SELECTOR = YES;
				GCC_WARN_UNINITIALIZED_AUTOS = YES_AGGRESSIVE;
				GCC_WARN_UNUSED_FUNCTION = YES;
				GCC_WARN_UNUSED_VARIABLE = YES;
				IPHONEOS_DEPLOYMENT_TARGET = 9.0;
				MTL_ENABLE_DEBUG_INFO = YES;
				ONLY_ACTIVE_ARCH = YES;
				SDKROOT = iphoneos;
			};
			name = Debug;
		};
		EF3C225E1CC2C30D0099E9B6 /* Release */ = {
			isa = XCBuildConfiguration;
			buildSettings = {
				ALWAYS_SEARCH_USER_PATHS = NO;
				CLANG_CXX_LANGUAGE_STANDARD = "gnu++0x";
				CLANG_CXX_LIBRARY = "libc++";
				CLANG_ENABLE_MODULES = YES;
				CLANG_ENABLE_OBJC_ARC = YES;
				CLANG_WARN_BOOL_CONVERSION = YES;
				CLANG_WARN_CONSTANT_CONVERSION = YES;
				CLANG_WARN_DIRECT_OBJC_ISA_USAGE = YES_ERROR;
				CLANG_WARN_EMPTY_BODY = YES;
				CLANG_WARN_ENUM_CONVERSION = YES;
				CLANG_WARN_INT_CONVERSION = YES;
				CLANG_WARN_OBJC_ROOT_CLASS = YES_ERROR;
				CLANG_WARN_UNREACHABLE_CODE = YES;
				CLANG_WARN__DUPLICATE_METHOD_MATCH = YES;
				"CODE_SIGN_IDENTITY[sdk=iphoneos*]" = "iPhone Developer";
				COPY_PHASE_STRIP = NO;
				DEBUG_INFORMATION_FORMAT = "dwarf-with-dsym";
				ENABLE_NS_ASSERTIONS = NO;
				ENABLE_STRICT_OBJC_MSGSEND = YES;
				GCC_C_LANGUAGE_STANDARD = gnu99;
				GCC_NO_COMMON_BLOCKS = YES;
				GCC_WARN_64_TO_32_BIT_CONVERSION = YES;
				GCC_WARN_ABOUT_RETURN_TYPE = YES_ERROR;
				GCC_WARN_UNDECLARED_SELECTOR = YES;
				GCC_WARN_UNINITIALIZED_AUTOS = YES_AGGRESSIVE;
				GCC_WARN_UNUSED_FUNCTION = YES;
				GCC_WARN_UNUSED_VARIABLE = YES;
				IPHONEOS_DEPLOYMENT_TARGET = 9.0;
				MTL_ENABLE_DEBUG_INFO = NO;
				SDKROOT = iphoneos;
				VALIDATE_PRODUCT = YES;
			};
			name = Release;
		};
		EF3C22601CC2C30D0099E9B6 /* Debug */ = {
			isa = XCBuildConfiguration;
			buildSettings = {
				FRAMEWORK_SEARCH_PATHS = (
					"$(inherited)",
					"\"${PODS_ROOT}/BaiduMapKit/BaiduMapKit\"",
				);
				GCC_INPUT_FILETYPE = sourcecode.cpp.objcpp;
				HEADER_SEARCH_PATHS = (
					"$(inherited)",
					"$(SRCROOT)/../react-native/React/**",
					"$(SRCROOT)/../react-native/Libraries/**",
				);
				IPHONEOS_DEPLOYMENT_TARGET = 7.0;
				OTHER_LDFLAGS = (
					"-ObjC",
					"$(inherited)",
				);
				PRODUCT_NAME = "$(TARGET_NAME)";
				SKIP_INSTALL = YES;
			};
			name = Debug;
		};
		EF3C22611CC2C30D0099E9B6 /* Release */ = {
			isa = XCBuildConfiguration;
			buildSettings = {
				FRAMEWORK_SEARCH_PATHS = (
					"$(inherited)",
					"\"${PODS_ROOT}/BaiduMapKit/BaiduMapKit\"",
				);
				GCC_INPUT_FILETYPE = sourcecode.cpp.objcpp;
				HEADER_SEARCH_PATHS = (
					"$(inherited)",
					"$(SRCROOT)/../react-native/React/**",
					"$(SRCROOT)/../react-native/Libraries/**",
				);
				IPHONEOS_DEPLOYMENT_TARGET = 7.0;
				OTHER_LDFLAGS = (
					"-ObjC",
					"$(inherited)",
				);
				PRODUCT_NAME = "$(TARGET_NAME)";
				SKIP_INSTALL = YES;
			};
			name = Release;
		};
/* End XCBuildConfiguration section */

/* Begin XCConfigurationList section */
		EF3C22511CC2C30D0099E9B6 /* Build configuration list for PBXProject "RCTBaiduMap" */ = {
			isa = XCConfigurationList;
			buildConfigurations = (
				EF3C225D1CC2C30D0099E9B6 /* Debug */,
				EF3C225E1CC2C30D0099E9B6 /* Release */,
			);
			defaultConfigurationIsVisible = 0;
			defaultConfigurationName = Release;
		};
		EF3C225F1CC2C30D0099E9B6 /* Build configuration list for PBXNativeTarget "RCTBaiduMap" */ = {
			isa = XCConfigurationList;
			buildConfigurations = (
				EF3C22601CC2C30D0099E9B6 /* Debug */,
				EF3C22611CC2C30D0099E9B6 /* Release */,
			);
			defaultConfigurationIsVisible = 0;
			defaultConfigurationName = Release;
		};
/* End XCConfigurationList section */
	};
	rootObject = EF3C224E1CC2C30D0099E9B6 /* Project object */;
}
